PODS:
  - Alamofire (4.8.2)
  - AlamofireNetworkActivityLogger (2.4.0):
    - Alamofire (~> 4.8)
  - DLCryptoKit (2.0.1):
    - DLOpenSSL
  - DLJSONAPI (1.0.3):
    - DLJSONAPI/Default (= 1.0.3)
  - DLJSONAPI/Default (1.0.3)
  - DLOpenSSL (1.0.2)
  - RxAtomic (4.4.2)
  - RxCocoa (4.4.2):
    - RxSwift (>= 4.4.2, ~> 4.4)
  - RxSwift (4.4.2):
    - RxAtomic (>= 4.4.2, ~> 4.4)
  - SnapKit (4.2.0)
  - TokenDSDK (3.1.0-rc.28):
    - TokenDSDK/API (= 3.1.0-rc.28)
    - TokenDSDK/JSONAPI (= 3.1.0-rc.28)
    - TokenDSDK/KeyServer (= 3.1.0-rc.28)
    - TokenDWallet (= 3.1.0)
  - TokenDSDK/AlamofireNetwork (3.1.0-rc.28):
    - Alamofire (= 4.8.2)
    - AlamofireNetworkActivityLogger (= 2.4)
    - TokenDWallet (= 3.1.0)
  - TokenDSDK/AlamofireNetworkJSONAPI (3.1.0-rc.28):
    - Alamofire (= 4.8.2)
    - AlamofireNetworkActivityLogger (= 2.4)
    - TokenDWallet (= 3.1.0)
  - TokenDSDK/API (3.1.0-rc.28):
    - TokenDWallet (= 3.1.0)
  - TokenDSDK/JSONAPI (3.1.0-rc.28):
    - DLJSONAPI (>= 1.0.3)
    - TokenDWallet (= 3.1.0)
  - TokenDSDK/KeyServer (3.1.0-rc.28):
    - TokenDWallet (= 3.1.0)
  - TokenDSDK/RxJSONAPI (3.1.0-rc.28):
    - RxCocoa (~> 4.0)
    - RxSwift (~> 4.0)
    - TokenDWallet (= 3.1.0)
  - TokenDWallet (3.1.0):
    - DLCryptoKit (>= 2.0.1)

DEPENDENCIES:
  - Alamofire (~> 4.8.1)
  - RxCocoa (~> 4.4.1)
  - RxSwift (~> 4.4.1)
  - SnapKit (~> 4.2.0)
  - TokenDSDK (from `../`)
  - TokenDSDK/AlamofireNetwork (from `../`)
  - TokenDSDK/AlamofireNetworkJSONAPI (from `../`)
  - TokenDSDK/RxJSONAPI (from `../`)

SPEC REPOS:
  "git@github.com:tokend/ios-specs.git":
    - DLCryptoKit
    - DLJSONAPI
    - DLOpenSSL
    - TokenDWallet
  https://github.com/CocoaPods/Specs.git:
    - Alamofire
    - AlamofireNetworkActivityLogger
    - RxAtomic
    - RxCocoa
    - RxSwift
    - SnapKit

EXTERNAL SOURCES:
  TokenDSDK:
    :path: "../"

SPEC CHECKSUMS:
  Alamofire: ae5c501addb7afdbb13687d7f2f722c78734c2d3
  AlamofireNetworkActivityLogger: 6d3398c692d2c5d83b0c58793537860aca1e383d
  DLCryptoKit: 491c522583e92c90c09c06bf1192ef741022af33
  DLJSONAPI: 4d448f06fd412dae20c53ba1c71d601c4b422ce5
  DLOpenSSL: 78d928228cb6d95fcaa354f4f9aba041ccf95457
  RxAtomic: d00e97c10db88c6f08540e0bf2752fc5a2404167
  RxCocoa: 477990dc3b4c3ff55fb0ac77e1cc06244e0aaec8
  RxSwift: 74c29b693c8e42b0f64400e8b06564575742d649
  SnapKit: fe8a619752f3f27075cc9a90244d75c6c3f27e2a
  TokenDSDK: bc02bb45ca56717d8c37109baa880c943d2ad0dd
  TokenDWallet: f8296cdc95639a6f8bea46ffe1b0b1401ca3c0c9

PODFILE CHECKSUM: ba4a68dcc8ccbebcf2ce6adab7146c6537105235

COCOAPODS: 1.9.3
