PODS:
  - Alamofire (4.8.0)
  - AlamofireNetworkActivityLogger (2.4.0):
    - Alamofire (~> 4.8)
  - DLCryptoKit (2.0.2):
    - DLOpenSSL
  - DLJSONAPI (1.0.7):
    - DLJSONAPI/Default (= 1.0.7)
  - DLJSONAPI/Default (1.0.7)
  - DLOpenSSL (1.0.2)
  - RxCocoa (6.0.0-rc.1):
    - RxRelay (= 6.0.0-rc.1)
    - RxSwift (= 6.0.0-rc.1)
  - RxRelay (6.0.0-rc.1):
    - RxSwift (= 6.0.0-rc.1)
  - RxSwift (6.0.0-rc.1)
  - SnapKit (4.2.0)
  - TokenDSDK (3.1.0-rc.28):
    - TokenDSDK/API (= 3.1.0-rc.28)
    - TokenDSDK/JSONAPI (= 3.1.0-rc.28)
    - TokenDSDK/KeyServer (= 3.1.0-rc.28)
    - TokenDWallet (= 3.1.1)
  - TokenDSDK/AlamofireNetwork (3.1.0-rc.28):
    - Alamofire (= 4.8.0)
    - AlamofireNetworkActivityLogger (= 2.4.0)
    - TokenDWallet (= 3.1.1)
  - TokenDSDK/AlamofireNetworkJSONAPI (3.1.0-rc.28):
    - Alamofire (= 4.8.0)
    - AlamofireNetworkActivityLogger (= 2.4.0)
    - TokenDWallet (= 3.1.1)
  - TokenDSDK/API (3.1.0-rc.28):
    - TokenDWallet (= 3.1.1)
  - TokenDSDK/JSONAPI (3.1.0-rc.28):
    - DLJSONAPI (>= 1.0.7)
    - TokenDWallet (= 3.1.1)
  - TokenDSDK/KeyServer (3.1.0-rc.28):
    - TokenDWallet (= 3.1.1)
  - TokenDSDK/RxJSONAPI (3.1.0-rc.28):
    - RxCocoa (~> 6.0.0-rc.1)
    - RxSwift (~> 6.0.0-rc.1)
    - TokenDWallet (= 3.1.1)
  - TokenDWallet (3.1.1):
    - DLCryptoKit (>= 2.0.2)

DEPENDENCIES:
  - Alamofire (= 4.8.0)
  - RxCocoa (= 6.0.0-rc.1)
  - RxSwift (= 6.0.0-rc.1)
  - SnapKit (~> 4.2.0)
  - TokenDSDK (from `../`)
  - TokenDSDK/AlamofireNetwork (from `../`)
  - TokenDSDK/AlamofireNetworkJSONAPI (from `../`)
  - TokenDSDK/RxJSONAPI (from `../`)

SPEC REPOS:
  "git@github.com:tokend/ios-specs.git":
    - DLCryptoKit
    - DLJSONAPI
    - DLOpenSSL
    - TokenDWallet
  https://github.com/CocoaPods/Specs.git:
    - Alamofire
    - AlamofireNetworkActivityLogger
    - RxCocoa
    - RxRelay
    - RxSwift
    - SnapKit

EXTERNAL SOURCES:
  TokenDSDK:
    :path: "../"

SPEC CHECKSUMS:
  Alamofire: 3ec537f71edc9804815215393ae2b1a8ea33a844
  AlamofireNetworkActivityLogger: 6d3398c692d2c5d83b0c58793537860aca1e383d
  DLCryptoKit: 89c9b51260db5a08ca73b81eba2dd5a6a9792ce1
  DLJSONAPI: ad68922540505710fd5288ce1d370c0ef9f768cb
  DLOpenSSL: 78d928228cb6d95fcaa354f4f9aba041ccf95457
  RxCocoa: a28d75145c07b7547b85faf1e1ad8b25af88a752
  RxRelay: 56abad6d32f73567858506d08735fdb341935b9a
  RxSwift: dae1a32c48148897494b9e2a6b00a68b40694236
  SnapKit: fe8a619752f3f27075cc9a90244d75c6c3f27e2a
  TokenDSDK: 112ccf9e5f69040a24460630d27be1ba18bdec72
  TokenDWallet: d13f6dfd420e9258ff4734e2d52e57bcdfc60eb3

PODFILE CHECKSUM: 862d1c6604ba9fb371976cc48e6c3da0706cf2d9

COCOAPODS: 1.8.4
